// !$*UTF8*$!
{
	archiveVersion = 1;
	classes = {
	};
	objectVersion = 77;
	objects = {

/* Begin PBXBuildFile section */
		4726DC962D2DA64C00313CAF /* FirebaseAnalytics in Frameworks */ = {isa = PBXBuildFile; productRef = 4726DC952D2DA64C00313CAF /* FirebaseAnalytics */; };
		4726DC982D2DA64C00313CAF /* FirebaseAnalyticsOnDeviceConversion in Frameworks */ = {isa = PBXBuildFile; productRef = 4726DC972D2DA64C00313CAF /* FirebaseAnalyticsOnDeviceConversion */; };
		4726DC9A2D2DA64C00313CAF /* FirebaseAnalyticsWithoutAdIdSupport in Frameworks */ = {isa = PBXBuildFile; productRef = 4726DC992D2DA64C00313CAF /* FirebaseAnalyticsWithoutAdIdSupport */; };
		4726DC9C2D2DA64C00313CAF /* FirebaseAppCheck in Frameworks */ = {isa = PBXBuildFile; productRef = 4726DC9B2D2DA64C00313CAF /* FirebaseAppCheck */; };
		4726DC9E2D2DA64C00313CAF /* FirebaseAppDistribution-Beta in Frameworks */ = {isa = PBXBuildFile; productRef = 4726DC9D2D2DA64C00313CAF /* FirebaseAppDistribution-Beta */; };
		4726DCA02D2DA64C00313CAF /* FirebaseAuth in Frameworks */ = {isa = PBXBuildFile; productRef = 4726DC9F2D2DA64C00313CAF /* FirebaseAuth */; };
		4726DCA22D2DA64C00313CAF /* FirebaseAuthCombine-Community in Frameworks */ = {isa = PBXBuildFile; productRef = 4726DCA12D2DA64C00313CAF /* FirebaseAuthCombine-Community */; };
		4726DCA42D2DA64C00313CAF /* FirebaseCore in Frameworks */ = {isa = PBXBuildFile; productRef = 4726DCA32D2DA64C00313CAF /* FirebaseCore */; };
		4726DCA62D2DA64C00313CAF /* FirebaseCrashlytics in Frameworks */ = {isa = PBXBuildFile; productRef = 4726DCA52D2DA64C00313CAF /* FirebaseCrashlytics */; };
		4726DCA82D2DA64C00313CAF /* FirebaseDatabase in Frameworks */ = {isa = PBXBuildFile; productRef = 4726DCA72D2DA64C00313CAF /* FirebaseDatabase */; };
		4726DCAA2D2DA64C00313CAF /* FirebaseDynamicLinks in Frameworks */ = {isa = PBXBuildFile; productRef = 4726DCA92D2DA64C00313CAF /* FirebaseDynamicLinks */; };
		4726DCAC2D2DA64C00313CAF /* FirebaseFirestore in Frameworks */ = {isa = PBXBuildFile; productRef = 4726DCAB2D2DA64C00313CAF /* FirebaseFirestore */; };
		4726DCAE2D2DA64C00313CAF /* FirebaseFirestoreCombine-Community in Frameworks */ = {isa = PBXBuildFile; productRef = 4726DCAD2D2DA64C00313CAF /* FirebaseFirestoreCombine-Community */; settings = {ATTRIBUTES = (Required, ); }; };
		4726DCB02D2DA64C00313CAF /* FirebaseFunctions in Frameworks */ = {isa = PBXBuildFile; productRef = 4726DCAF2D2DA64C00313CAF /* FirebaseFunctions */; };
		4726DCB22D2DA64C00313CAF /* FirebaseFunctionsCombine-Community in Frameworks */ = {isa = PBXBuildFile; productRef = 4726DCB12D2DA64C00313CAF /* FirebaseFunctionsCombine-Community */; };
		4726DCB42D2DA64C00313CAF /* FirebaseInAppMessaging-Beta in Frameworks */ = {isa = PBXBuildFile; productRef = 4726DCB32D2DA64C00313CAF /* FirebaseInAppMessaging-Beta */; };
		4726DCB62D2DA64C00313CAF /* FirebaseInstallations in Frameworks */ = {isa = PBXBuildFile; productRef = 4726DCB52D2DA64C00313CAF /* FirebaseInstallations */; };
		4726DCB82D2DA64C00313CAF /* FirebaseMLModelDownloader in Frameworks */ = {isa = PBXBuildFile; productRef = 4726DCB72D2DA64C00313CAF /* FirebaseMLModelDownloader */; };
		4726DCBA2D2DA64C00313CAF /* FirebaseMessaging in Frameworks */ = {isa = PBXBuildFile; productRef = 4726DCB92D2DA64C00313CAF /* FirebaseMessaging */; };
		4726DCBC2D2DA64C00313CAF /* FirebasePerformance in Frameworks */ = {isa = PBXBuildFile; productRef = 4726DCBB2D2DA64C00313CAF /* FirebasePerformance */; };
		4726DCBE2D2DA64C00313CAF /* FirebaseRemoteConfig in Frameworks */ = {isa = PBXBuildFile; productRef = 4726DCBD2D2DA64C00313CAF /* FirebaseRemoteConfig */; };
		4726DCC02D2DA64C00313CAF /* FirebaseStorage in Frameworks */ = {isa = PBXBuildFile; productRef = 4726DCBF2D2DA64C00313CAF /* FirebaseStorage */; };
		4726DCC22D2DA64C00313CAF /* FirebaseStorageCombine-Community in Frameworks */ = {isa = PBXBuildFile; productRef = 4726DCC12D2DA64C00313CAF /* FirebaseStorageCombine-Community */; };
		4726DCC42D2DA64C00313CAF /* FirebaseVertexAI in Frameworks */ = {isa = PBXBuildFile; productRef = 4726DCC32D2DA64C00313CAF /* FirebaseVertexAI */; };
/* End PBXBuildFile section */

/* Begin PBXContainerItemProxy section */
		47728B522D2C337D00C8F821 /* PBXContainerItemProxy */ = {
			isa = PBXContainerItemProxy;
			containerPortal = 47728B392D2C337C00C8F821 /* Project object */;
			proxyType = 1;
			remoteGlobalIDString = 47728B402D2C337C00C8F821;
			remoteInfo = Readit;
		};
		47728B5C2D2C337D00C8F821 /* PBXContainerItemProxy */ = {
			isa = PBXContainerItemProxy;
			containerPortal = 47728B392D2C337C00C8F821 /* Project object */;
			proxyType = 1;
			remoteGlobalIDString = 47728B402D2C337C00C8F821;
			remoteInfo = Readit;
		};
/* End PBXContainerItemProxy section */

/* Begin PBXFileReference section */
		47728B412D2C337C00C8F821 /* Readit.app */ = {isa = PBXFileReference; explicitFileType = wrapper.application; includeInIndex = 0; path = Readit.app; sourceTree = BUILT_PRODUCTS_DIR; };
		47728B512D2C337D00C8F821 /* ReaditTests.xctest */ = {isa = PBXFileReference; explicitFileType = wrapper.cfbundle; includeInIndex = 0; path = ReaditTests.xctest; sourceTree = BUILT_PRODUCTS_DIR; };
		47728B5B2D2C337D00C8F821 /* ReaditUITests.xctest */ = {isa = PBXFileReference; explicitFileType = wrapper.cfbundle; includeInIndex = 0; path = ReaditUITests.xctest; sourceTree = BUILT_PRODUCTS_DIR; };
/* End PBXFileReference section */

/* Begin PBXFileSystemSynchronizedBuildFileExceptionSet section */
		47DF05702D2F067600AF4549 /* Exceptions for "Readit" folder in "Readit" target */ = {
			isa = PBXFileSystemSynchronizedBuildFileExceptionSet;
			membershipExceptions = (
				Info.plist,
				ReaditTests/ReaditTests.swift,
				ReaditUITests/ReaditUITests.swift,
				ReaditUITests/ReaditUITestsLaunchTests.swift,
			);
			target = 47728B402D2C337C00C8F821 /* Readit */;
		};
		47DF05712D2F067600AF4549 /* Exceptions for "Readit" folder in "ReaditTests" target */ = {
			isa = PBXFileSystemSynchronizedBuildFileExceptionSet;
			membershipExceptions = (
				ReaditTests/ReaditTests.swift,
			);
			target = 47728B502D2C337D00C8F821 /* ReaditTests */;
		};
		47DF05772D2F067C00AF4549 /* Exceptions for "Readit" folder in "ReaditUITests" target */ = {
			isa = PBXFileSystemSynchronizedBuildFileExceptionSet;
			membershipExceptions = (
				ReaditUITests/ReaditUITests.swift,
				ReaditUITests/ReaditUITestsLaunchTests.swift,
			);
			target = 47728B5A2D2C337D00C8F821 /* ReaditUITests */;
		};
/* End PBXFileSystemSynchronizedBuildFileExceptionSet section */

/* Begin PBXFileSystemSynchronizedRootGroup section */
		47728B432D2C337C00C8F821 /* Readit */ = {
			isa = PBXFileSystemSynchronizedRootGroup;
			exceptions = (
				47DF05702D2F067600AF4549 /* Exceptions for "Readit" folder in "Readit" target */,
				47DF05712D2F067600AF4549 /* Exceptions for "Readit" folder in "ReaditTests" target */,
				47DF05772D2F067C00AF4549 /* Exceptions for "Readit" folder in "ReaditUITests" target */,
			);
			path = Readit;
			sourceTree = "<group>";
		};
/* End PBXFileSystemSynchronizedRootGroup section */

/* Begin PBXFrameworksBuildPhase section */
		47728B3E2D2C337C00C8F821 /* Frameworks */ = {
			isa = PBXFrameworksBuildPhase;
			buildActionMask = 2147483647;
			files = (
				4726DCAE2D2DA64C00313CAF /* FirebaseFirestoreCombine-Community in Frameworks */,
				4726DCC42D2DA64C00313CAF /* FirebaseVertexAI in Frameworks */,
				4726DCB02D2DA64C00313CAF /* FirebaseFunctions in Frameworks */,
				4726DCBC2D2DA64C00313CAF /* FirebasePerformance in Frameworks */,
				4726DCC22D2DA64C00313CAF /* FirebaseStorageCombine-Community in Frameworks */,
				4726DCBE2D2DA64C00313CAF /* FirebaseRemoteConfig in Frameworks */,
				4726DCA82D2DA64C00313CAF /* FirebaseDatabase in Frameworks */,
				4726DCAA2D2DA64C00313CAF /* FirebaseDynamicLinks in Frameworks */,
				4726DC9C2D2DA64C00313CAF /* FirebaseAppCheck in Frameworks */,
				4726DCA02D2DA64C00313CAF /* FirebaseAuth in Frameworks */,
				4726DC962D2DA64C00313CAF /* FirebaseAnalytics in Frameworks */,
				4726DCAC2D2DA64C00313CAF /* FirebaseFirestore in Frameworks */,
				4726DCBA2D2DA64C00313CAF /* FirebaseMessaging in Frameworks */,
				4726DCB62D2DA64C00313CAF /* FirebaseInstallations in Frameworks */,
				4726DCB22D2DA64C00313CAF /* FirebaseFunctionsCombine-Community in Frameworks */,
				4726DC9E2D2DA64C00313CAF /* FirebaseAppDistribution-Beta in Frameworks */,
				4726DC9A2D2DA64C00313CAF /* FirebaseAnalyticsWithoutAdIdSupport in Frameworks */,
				4726DCB42D2DA64C00313CAF /* FirebaseInAppMessaging-Beta in Frameworks */,
				4726DCA22D2DA64C00313CAF /* FirebaseAuthCombine-Community in Frameworks */,
				4726DCA62D2DA64C00313CAF /* FirebaseCrashlytics in Frameworks */,
				4726DCB82D2DA64C00313CAF /* FirebaseMLModelDownloader in Frameworks */,
				4726DCC02D2DA64C00313CAF /* FirebaseStorage in Frameworks */,
				4726DCA42D2DA64C00313CAF /* FirebaseCore in Frameworks */,
				4726DC982D2DA64C00313CAF /* FirebaseAnalyticsOnDeviceConversion in Frameworks */,
			);
			runOnlyForDeploymentPostprocessing = 0;
		};
		47728B4E2D2C337D00C8F821 /* Frameworks */ = {
			isa = PBXFrameworksBuildPhase;
			buildActionMask = 2147483647;
			files = (
			);
			runOnlyForDeploymentPostprocessing = 0;
		};
		47728B582D2C337D00C8F821 /* Frameworks */ = {
			isa = PBXFrameworksBuildPhase;
			buildActionMask = 2147483647;
			files = (
			);
			runOnlyForDeploymentPostprocessing = 0;
		};
/* End PBXFrameworksBuildPhase section */

/* Begin PBXGroup section */
		47728B382D2C337C00C8F821 = {
			isa = PBXGroup;
			children = (
				47728B432D2C337C00C8F821 /* Readit */,
				47728B422D2C337C00C8F821 /* Products */,
			);
			sourceTree = "<group>";
		};
		47728B422D2C337C00C8F821 /* Products */ = {
			isa = PBXGroup;
			children = (
				47728B412D2C337C00C8F821 /* Readit.app */,
				47728B512D2C337D00C8F821 /* ReaditTests.xctest */,
				47728B5B2D2C337D00C8F821 /* ReaditUITests.xctest */,
			);
			name = Products;
			sourceTree = "<group>";
		};
/* End PBXGroup section */

/* Begin PBXNativeTarget section */
		47728B402D2C337C00C8F821 /* Readit */ = {
			isa = PBXNativeTarget;
			buildConfigurationList = 47728B652D2C337D00C8F821 /* Build configuration list for PBXNativeTarget "Readit" */;
			buildPhases = (
				47728B3D2D2C337C00C8F821 /* Sources */,
				47728B3E2D2C337C00C8F821 /* Frameworks */,
				47728B3F2D2C337C00C8F821 /* Resources */,
			);
			buildRules = (
			);
			dependencies = (
			);
			fileSystemSynchronizedGroups = (
				47728B432D2C337C00C8F821 /* Readit */,
			);
			name = Readit;
			packageProductDependencies = (
				4726DC952D2DA64C00313CAF /* FirebaseAnalytics */,
				4726DC972D2DA64C00313CAF /* FirebaseAnalyticsOnDeviceConversion */,
				4726DC992D2DA64C00313CAF /* FirebaseAnalyticsWithoutAdIdSupport */,
				4726DC9B2D2DA64C00313CAF /* FirebaseAppCheck */,
				4726DC9D2D2DA64C00313CAF /* FirebaseAppDistribution-Beta */,
				4726DC9F2D2DA64C00313CAF /* FirebaseAuth */,
				4726DCA12D2DA64C00313CAF /* FirebaseAuthCombine-Community */,
				4726DCA32D2DA64C00313CAF /* FirebaseCore */,
				4726DCA52D2DA64C00313CAF /* FirebaseCrashlytics */,
				4726DCA72D2DA64C00313CAF /* FirebaseDatabase */,
				4726DCA92D2DA64C00313CAF /* FirebaseDynamicLinks */,
				4726DCAB2D2DA64C00313CAF /* FirebaseFirestore */,
				4726DCAD2D2DA64C00313CAF /* FirebaseFirestoreCombine-Community */,
				4726DCAF2D2DA64C00313CAF /* FirebaseFunctions */,
				4726DCB12D2DA64C00313CAF /* FirebaseFunctionsCombine-Community */,
				4726DCB32D2DA64C00313CAF /* FirebaseInAppMessaging-Beta */,
				4726DCB52D2DA64C00313CAF /* FirebaseInstallations */,
				4726DCB72D2DA64C00313CAF /* FirebaseMLModelDownloader */,
				4726DCB92D2DA64C00313CAF /* FirebaseMessaging */,
				4726DCBB2D2DA64C00313CAF /* FirebasePerformance */,
				4726DCBD2D2DA64C00313CAF /* FirebaseRemoteConfig */,
				4726DCBF2D2DA64C00313CAF /* FirebaseStorage */,
				4726DCC12D2DA64C00313CAF /* FirebaseStorageCombine-Community */,
				4726DCC32D2DA64C00313CAF /* FirebaseVertexAI */,
			);
			productName = Readit;
			productReference = 47728B412D2C337C00C8F821 /* Readit.app */;
			productType = "com.apple.product-type.application";
		};
		47728B502D2C337D00C8F821 /* ReaditTests */ = {
			isa = PBXNativeTarget;
			buildConfigurationList = 47728B682D2C337D00C8F821 /* Build configuration list for PBXNativeTarget "ReaditTests" */;
			buildPhases = (
				47728B4D2D2C337D00C8F821 /* Sources */,
				47728B4E2D2C337D00C8F821 /* Frameworks */,
				47728B4F2D2C337D00C8F821 /* Resources */,
			);
			buildRules = (
			);
			dependencies = (
				47728B532D2C337D00C8F821 /* PBXTargetDependency */,
			);
			name = ReaditTests;
			packageProductDependencies = (
			);
			productName = ReaditTests;
			productReference = 47728B512D2C337D00C8F821 /* ReaditTests.xctest */;
			productType = "com.apple.product-type.bundle.unit-test";
		};
		47728B5A2D2C337D00C8F821 /* ReaditUITests */ = {
			isa = PBXNativeTarget;
			buildConfigurationList = 47728B6B2D2C337D00C8F821 /* Build configuration list for PBXNativeTarget "ReaditUITests" */;
			buildPhases = (
				47728B572D2C337D00C8F821 /* Sources */,
				47728B582D2C337D00C8F821 /* Frameworks */,
				47728B592D2C337D00C8F821 /* Resources */,
			);
			buildRules = (
			);
			dependencies = (
				47728B5D2D2C337D00C8F821 /* PBXTargetDependency */,
			);
			name = ReaditUITests;
			packageProductDependencies = (
			);
			productName = ReaditUITests;
			productReference = 47728B5B2D2C337D00C8F821 /* ReaditUITests.xctest */;
			productType = "com.apple.product-type.bundle.ui-testing";
		};
/* End PBXNativeTarget section */

/* Begin PBXProject section */
		47728B392D2C337C00C8F821 /* Project object */ = {
			isa = PBXProject;
			attributes = {
				BuildIndependentTargetsInParallel = 1;
				LastSwiftUpdateCheck = 1610;
				LastUpgradeCheck = 1610;
				TargetAttributes = {
					47728B402D2C337C00C8F821 = {
						CreatedOnToolsVersion = 16.1;
					};
					47728B502D2C337D00C8F821 = {
						CreatedOnToolsVersion = 16.1;
						TestTargetID = 47728B402D2C337C00C8F821;
					};
					47728B5A2D2C337D00C8F821 = {
						CreatedOnToolsVersion = 16.1;
						TestTargetID = 47728B402D2C337C00C8F821;
					};
				};
			};
			buildConfigurationList = 47728B3C2D2C337C00C8F821 /* Build configuration list for PBXProject "Readit" */;
			developmentRegion = en;
			hasScannedForEncodings = 0;
			knownRegions = (
				en,
				Base,
			);
			mainGroup = 47728B382D2C337C00C8F821;
			minimizedProjectReferenceProxies = 1;
			packageReferences = (
				4726DC942D2DA64C00313CAF /* XCRemoteSwiftPackageReference "firebase-ios-sdk" */,
			);
			preferredProjectObjectVersion = 77;
			productRefGroup = 47728B422D2C337C00C8F821 /* Products */;
			projectDirPath = "";
			projectRoot = "";
			targets = (
				47728B402D2C337C00C8F821 /* Readit */,
				47728B502D2C337D00C8F821 /* ReaditTests */,
				47728B5A2D2C337D00C8F821 /* ReaditUITests */,
			);
		};
/* End PBXProject section */

/* Begin PBXResourcesBuildPhase section */
		47728B3F2D2C337C00C8F821 /* Resources */ = {
			isa = PBXResourcesBuildPhase;
			buildActionMask = 2147483647;
			files = (
			);
			runOnlyForDeploymentPostprocessing = 0;
		};
		47728B4F2D2C337D00C8F821 /* Resources */ = {
			isa = PBXResourcesBuildPhase;
			buildActionMask = 2147483647;
			files = (
			);
			runOnlyForDeploymentPostprocessing = 0;
		};
		47728B592D2C337D00C8F821 /* Resources */ = {
			isa = PBXResourcesBuildPhase;
			buildActionMask = 2147483647;
			files = (
			);
			runOnlyForDeploymentPostprocessing = 0;
		};
/* End PBXResourcesBuildPhase section */

/* Begin PBXSourcesBuildPhase section */
		47728B3D2D2C337C00C8F821 /* Sources */ = {
			isa = PBXSourcesBuildPhase;
			buildActionMask = 2147483647;
			files = (
			);
			runOnlyForDeploymentPostprocessing = 0;
		};
		47728B4D2D2C337D00C8F821 /* Sources */ = {
			isa = PBXSourcesBuildPhase;
			buildActionMask = 2147483647;
			files = (
			);
			runOnlyForDeploymentPostprocessing = 0;
		};
		47728B572D2C337D00C8F821 /* Sources */ = {
			isa = PBXSourcesBuildPhase;
			buildActionMask = 2147483647;
			files = (
			);
			runOnlyForDeploymentPostprocessing = 0;
		};
/* End PBXSourcesBuildPhase section */

/* Begin PBXTargetDependency section */
		47728B532D2C337D00C8F821 /* PBXTargetDependency */ = {
			isa = PBXTargetDependency;
			target = 47728B402D2C337C00C8F821 /* Readit */;
			targetProxy = 47728B522D2C337D00C8F821 /* PBXContainerItemProxy */;
		};
		47728B5D2D2C337D00C8F821 /* PBXTargetDependency */ = {
			isa = PBXTargetDependency;
			target = 47728B402D2C337C00C8F821 /* Readit */;
			targetProxy = 47728B5C2D2C337D00C8F821 /* PBXContainerItemProxy */;
		};
/* End PBXTargetDependency section */

/* Begin XCBuildConfiguration section */
		47728B632D2C337D00C8F821 /* Debug */ = {
			isa = XCBuildConfiguration;
			buildSettings = {
				ALWAYS_SEARCH_USER_PATHS = NO;
				ASSETCATALOG_COMPILER_GENERATE_SWIFT_ASSET_SYMBOL_EXTENSIONS = YES;
				CLANG_ANALYZER_NONNULL = YES;
				CLANG_ANALYZER_NUMBER_OBJECT_CONVERSION = YES_AGGRESSIVE;
				CLANG_CXX_LANGUAGE_STANDARD = "gnu++20";
				CLANG_ENABLE_MODULES = YES;
				CLANG_ENABLE_OBJC_ARC = YES;
				CLANG_ENABLE_OBJC_WEAK = YES;
				CLANG_WARN_BLOCK_CAPTURE_AUTORELEASING = YES;
				CLANG_WARN_BOOL_CONVERSION = YES;
				CLANG_WARN_COMMA = YES;
				CLANG_WARN_CONSTANT_CONVERSION = YES;
				CLANG_WARN_DEPRECATED_OBJC_IMPLEMENTATIONS = YES;
				CLANG_WARN_DIRECT_OBJC_ISA_USAGE = YES_ERROR;
				CLANG_WARN_DOCUMENTATION_COMMENTS = YES;
				CLANG_WARN_EMPTY_BODY = YES;
				CLANG_WARN_ENUM_CONVERSION = YES;
				CLANG_WARN_INFINITE_RECURSION = YES;
				CLANG_WARN_INT_CONVERSION = YES;
				CLANG_WARN_NON_LITERAL_NULL_CONVERSION = YES;
				CLANG_WARN_OBJC_IMPLICIT_RETAIN_SELF = YES;
				CLANG_WARN_OBJC_LITERAL_CONVERSION = YES;
				CLANG_WARN_OBJC_ROOT_CLASS = YES_ERROR;
				CLANG_WARN_QUOTED_INCLUDE_IN_FRAMEWORK_HEADER = YES;
				CLANG_WARN_RANGE_LOOP_ANALYSIS = YES;
				CLANG_WARN_STRICT_PROTOTYPES = YES;
				CLANG_WARN_SUSPICIOUS_MOVE = YES;
				CLANG_WARN_UNGUARDED_AVAILABILITY = YES_AGGRESSIVE;
				CLANG_WARN_UNREACHABLE_CODE = YES;
				CLANG_WARN__DUPLICATE_METHOD_MATCH = YES;
				COPY_PHASE_STRIP = NO;
				DEBUG_INFORMATION_FORMAT = dwarf;
				ENABLE_STRICT_OBJC_MSGSEND = YES;
				ENABLE_TESTABILITY = YES;
				ENABLE_USER_SCRIPT_SANDBOXING = YES;
				GCC_C_LANGUAGE_STANDARD = gnu17;
				GCC_DYNAMIC_NO_PIC = NO;
				GCC_NO_COMMON_BLOCKS = YES;
				GCC_OPTIMIZATION_LEVEL = 0;
				GCC_PREPROCESSOR_DEFINITIONS = (
					"DEBUG=1",
					"$(inherited)",
				);
				GCC_WARN_64_TO_32_BIT_CONVERSION = YES;
				GCC_WARN_ABOUT_RETURN_TYPE = YES_ERROR;
				GCC_WARN_UNDECLARED_SELECTOR = YES;
				GCC_WARN_UNINITIALIZED_AUTOS = YES_AGGRESSIVE;
				GCC_WARN_UNUSED_FUNCTION = YES;
				GCC_WARN_UNUSED_VARIABLE = YES;
				IPHONEOS_DEPLOYMENT_TARGET = 18.1;
				LOCALIZATION_PREFERS_STRING_CATALOGS = YES;
				MTL_ENABLE_DEBUG_INFO = INCLUDE_SOURCE;
				MTL_FAST_MATH = YES;
				ONLY_ACTIVE_ARCH = YES;
				SDKROOT = iphoneos;
				SWIFT_ACTIVE_COMPILATION_CONDITIONS = "DEBUG $(inherited)";
				SWIFT_OPTIMIZATION_LEVEL = "-Onone";
			};
			name = Debug;
		};
		47728B642D2C337D00C8F821 /* Release */ = {
			isa = XCBuildConfiguration;
			buildSettings = {
				ALWAYS_SEARCH_USER_PATHS = NO;
				ASSETCATALOG_COMPILER_GENERATE_SWIFT_ASSET_SYMBOL_EXTENSIONS = YES;
				CLANG_ANALYZER_NONNULL = YES;
				CLANG_ANALYZER_NUMBER_OBJECT_CONVERSION = YES_AGGRESSIVE;
				CLANG_CXX_LANGUAGE_STANDARD = "gnu++20";
				CLANG_ENABLE_MODULES = YES;
				CLANG_ENABLE_OBJC_ARC = YES;
				CLANG_ENABLE_OBJC_WEAK = YES;
				CLANG_WARN_BLOCK_CAPTURE_AUTORELEASING = YES;
				CLANG_WARN_BOOL_CONVERSION = YES;
				CLANG_WARN_COMMA = YES;
				CLANG_WARN_CONSTANT_CONVERSION = YES;
				CLANG_WARN_DEPRECATED_OBJC_IMPLEMENTATIONS = YES;
				CLANG_WARN_DIRECT_OBJC_ISA_USAGE = YES_ERROR;
				CLANG_WARN_DOCUMENTATION_COMMENTS = YES;
				CLANG_WARN_EMPTY_BODY = YES;
				CLANG_WARN_ENUM_CONVERSION = YES;
				CLANG_WARN_INFINITE_RECURSION = YES;
				CLANG_WARN_INT_CONVERSION = YES;
				CLANG_WARN_NON_LITERAL_NULL_CONVERSION = YES;
				CLANG_WARN_OBJC_IMPLICIT_RETAIN_SELF = YES;
				CLANG_WARN_OBJC_LITERAL_CONVERSION = YES;
				CLANG_WARN_OBJC_ROOT_CLASS = YES_ERROR;
				CLANG_WARN_QUOTED_INCLUDE_IN_FRAMEWORK_HEADER = YES;
				CLANG_WARN_RANGE_LOOP_ANALYSIS = YES;
				CLANG_WARN_STRICT_PROTOTYPES = YES;
				CLANG_WARN_SUSPICIOUS_MOVE = YES;
				CLANG_WARN_UNGUARDED_AVAILABILITY = YES_AGGRESSIVE;
				CLANG_WARN_UNREACHABLE_CODE = YES;
				CLANG_WARN__DUPLICATE_METHOD_MATCH = YES;
				COPY_PHASE_STRIP = NO;
				DEBUG_INFORMATION_FORMAT = "dwarf-with-dsym";
				ENABLE_NS_ASSERTIONS = NO;
				ENABLE_STRICT_OBJC_MSGSEND = YES;
				ENABLE_USER_SCRIPT_SANDBOXING = YES;
				GCC_C_LANGUAGE_STANDARD = gnu17;
				GCC_NO_COMMON_BLOCKS = YES;
				GCC_WARN_64_TO_32_BIT_CONVERSION = YES;
				GCC_WARN_ABOUT_RETURN_TYPE = YES_ERROR;
				GCC_WARN_UNDECLARED_SELECTOR = YES;
				GCC_WARN_UNINITIALIZED_AUTOS = YES_AGGRESSIVE;
				GCC_WARN_UNUSED_FUNCTION = YES;
				GCC_WARN_UNUSED_VARIABLE = YES;
				IPHONEOS_DEPLOYMENT_TARGET = 18.1;
				LOCALIZATION_PREFERS_STRING_CATALOGS = YES;
				MTL_ENABLE_DEBUG_INFO = NO;
				MTL_FAST_MATH = YES;
				SDKROOT = iphoneos;
				SWIFT_COMPILATION_MODE = wholemodule;
				VALIDATE_PRODUCT = YES;
			};
			name = Release;
		};
		47728B662D2C337D00C8F821 /* Debug */ = {
			isa = XCBuildConfiguration;
			buildSettings = {
				ASSETCATALOG_COMPILER_APPICON_NAME = AppIcon;
				ASSETCATALOG_COMPILER_GLOBAL_ACCENT_COLOR_NAME = AccentColor;
				CODE_SIGN_STYLE = Automatic;
				CURRENT_PROJECT_VERSION = 1;
				DEVELOPMENT_ASSET_PATHS = "\"Readit/Preview Content\"";
				DEVELOPMENT_TEAM = FKXLSC77G3;
				ENABLE_PREVIEWS = YES;
				GENERATE_INFOPLIST_FILE = YES;
				INFOPLIST_FILE = Readit/Info.plist;
				INFOPLIST_KEY_NSCameraUsageDescription = "We need access to your camera to take pictures";
				INFOPLIST_KEY_NSFaceIDUsageDescription = "";
				INFOPLIST_KEY_UIApplicationSceneManifest_Generation = YES;
				INFOPLIST_KEY_UIApplicationSupportsIndirectInputEvents = YES;
				INFOPLIST_KEY_UILaunchScreen_Generation = YES;
				INFOPLIST_KEY_UIRequiresFullScreen = YES;
				INFOPLIST_KEY_UIStatusBarHidden = YES;
				INFOPLIST_KEY_UIStatusBarStyle = "";
				INFOPLIST_KEY_UISupportedInterfaceOrientations = UIInterfaceOrientationPortrait;
				INFOPLIST_KEY_UISupportedInterfaceOrientations_iPad = "UIInterfaceOrientationPortrait UIInterfaceOrientationPortraitUpsideDown";
				LD_RUNPATH_SEARCH_PATHS = (
					"$(inherited)",
					"@executable_path/Frameworks",
				);
				MARKETING_VERSION = 1.0;
				PRODUCT_BUNDLE_IDENTIFIER = de.MoutazBaaj.Readit;
				PRODUCT_NAME = "$(TARGET_NAME)";
				SWIFT_EMIT_LOC_STRINGS = YES;
				SWIFT_VERSION = 5.0;
				TARGETED_DEVICE_FAMILY = "1,2";
			};
			name = Debug;
		};
		47728B672D2C337D00C8F821 /* Release */ = {
			isa = XCBuildConfiguration;
			buildSettings = {
				ASSETCATALOG_COMPILER_APPICON_NAME = AppIcon;
				ASSETCATALOG_COMPILER_GLOBAL_ACCENT_COLOR_NAME = AccentColor;
				CODE_SIGN_STYLE = Automatic;
				CURRENT_PROJECT_VERSION = 1;
				DEVELOPMENT_ASSET_PATHS = "\"Readit/Preview Content\"";
				DEVELOPMENT_TEAM = FKXLSC77G3;
				ENABLE_PREVIEWS = YES;
				GENERATE_INFOPLIST_FILE = YES;
				INFOPLIST_FILE = Readit/Info.plist;
				INFOPLIST_KEY_NSCameraUsageDescription = "We need access to your camera to take pictures";
				INFOPLIST_KEY_NSFaceIDUsageDescription = "";
				INFOPLIST_KEY_UIApplicationSceneManifest_Generation = YES;
				INFOPLIST_KEY_UIApplicationSupportsIndirectInputEvents = YES;
				INFOPLIST_KEY_UILaunchScreen_Generation = YES;
				INFOPLIST_KEY_UIRequiresFullScreen = YES;
				INFOPLIST_KEY_UIStatusBarHidden = YES;
				INFOPLIST_KEY_UIStatusBarStyle = "";
				INFOPLIST_KEY_UISupportedInterfaceOrientations = UIInterfaceOrientationPortrait;
				INFOPLIST_KEY_UISupportedInterfaceOrientations_iPad = "UIInterfaceOrientationPortrait UIInterfaceOrientationPortraitUpsideDown";
				LD_RUNPATH_SEARCH_PATHS = (
					"$(inherited)",
					"@executable_path/Frameworks",
				);
				MARKETING_VERSION = 1.0;
				PRODUCT_BUNDLE_IDENTIFIER = de.MoutazBaaj.Readit;
				PRODUCT_NAME = "$(TARGET_NAME)";
				SWIFT_EMIT_LOC_STRINGS = YES;
				SWIFT_VERSION = 5.0;
				TARGETED_DEVICE_FAMILY = "1,2";
			};
			name = Release;
		};
		47728B692D2C337D00C8F821 /* Debug */ = {
			isa = XCBuildConfiguration;
			buildSettings = {
				BUNDLE_LOADER = "$(TEST_HOST)";
				CODE_SIGN_STYLE = Automatic;
				CURRENT_PROJECT_VERSION = 1;
				DEVELOPMENT_TEAM = FKXLSC77G3;
				GENERATE_INFOPLIST_FILE = YES;
				IPHONEOS_DEPLOYMENT_TARGET = 18.1;
				MARKETING_VERSION = 1.0;
				PRODUCT_BUNDLE_IDENTIFIER = de.MoutazBaaj.ReaditTests;
				PRODUCT_NAME = "$(TARGET_NAME)";
				SWIFT_EMIT_LOC_STRINGS = NO;
				SWIFT_VERSION = 5.0;
				TARGETED_DEVICE_FAMILY = "1,2";
				TEST_HOST = "$(BUILT_PRODUCTS_DIR)/Readit.app/$(BUNDLE_EXECUTABLE_FOLDER_PATH)/Readit";
			};
			name = Debug;
		};
		47728B6A2D2C337D00C8F821 /* Release */ = {
			isa = XCBuildConfiguration;
			buildSettings = {
				BUNDLE_LOADER = "$(TEST_HOST)";
				CODE_SIGN_STYLE = Automatic;
				CURRENT_PROJECT_VERSION = 1;
				DEVELOPMENT_TEAM = FKXLSC77G3;
				GENERATE_INFOPLIST_FILE = YES;
				IPHONEOS_DEPLOYMENT_TARGET = 18.1;
				MARKETING_VERSION = 1.0;
				PRODUCT_BUNDLE_IDENTIFIER = de.MoutazBaaj.ReaditTests;
				PRODUCT_NAME = "$(TARGET_NAME)";
				SWIFT_EMIT_LOC_STRINGS = NO;
				SWIFT_VERSION = 5.0;
				TARGETED_DEVICE_FAMILY = "1,2";
				TEST_HOST = "$(BUILT_PRODUCTS_DIR)/Readit.app/$(BUNDLE_EXECUTABLE_FOLDER_PATH)/Readit";
			};
			name = Release;
		};
		47728B6C2D2C337D00C8F821 /* Debug */ = {
			isa = XCBuildConfiguration;
			buildSettings = {
				CODE_SIGN_STYLE = Automatic;
				CURRENT_PROJECT_VERSION = 1;
				DEVELOPMENT_TEAM = FKXLSC77G3;
				GENERATE_INFOPLIST_FILE = YES;
				MARKETING_VERSION = 1.0;
				PRODUCT_BUNDLE_IDENTIFIER = de.MoutazBaaj.ReaditUITests;
				PRODUCT_NAME = "$(TARGET_NAME)";
				SWIFT_EMIT_LOC_STRINGS = NO;
				SWIFT_VERSION = 5.0;
				TARGETED_DEVICE_FAMILY = "1,2";
				TEST_TARGET_NAME = Readit;
			};
			name = Debug;
		};
		47728B6D2D2C337D00C8F821 /* Release */ = {
			isa = XCBuildConfiguration;
			buildSettings = {
				CODE_SIGN_STYLE = Automatic;
				CURRENT_PROJECT_VERSION = 1;
				DEVELOPMENT_TEAM = FKXLSC77G3;
				GENERATE_INFOPLIST_FILE = YES;
				MARKETING_VERSION = 1.0;
				PRODUCT_BUNDLE_IDENTIFIER = de.MoutazBaaj.ReaditUITests;
				PRODUCT_NAME = "$(TARGET_NAME)";
				SWIFT_EMIT_LOC_STRINGS = NO;
				SWIFT_VERSION = 5.0;
				TARGETED_DEVICE_FAMILY = "1,2";
				TEST_TARGET_NAME = Readit;
			};
			name = Release;
		};
/* End XCBuildConfiguration section */

/* Begin XCConfigurationList section */
		47728B3C2D2C337C00C8F821 /* Build configuration list for PBXProject "Readit" */ = {
			isa = XCConfigurationList;
			buildConfigurations = (
				47728B632D2C337D00C8F821 /* Debug */,
				47728B642D2C337D00C8F821 /* Release */,
			);
			defaultConfigurationIsVisible = 0;
			defaultConfigurationName = Release;
		};
		47728B652D2C337D00C8F821 /* Build configuration list for PBXNativeTarget "Readit" */ = {
			isa = XCConfigurationList;
			buildConfigurations = (
				47728B662D2C337D00C8F821 /* Debug */,
				47728B672D2C337D00C8F821 /* Release */,
			);
			defaultConfigurationIsVisible = 0;
			defaultConfigurationName = Release;
		};
		47728B682D2C337D00C8F821 /* Build configuration list for PBXNativeTarget "ReaditTests" */ = {
			isa = XCConfigurationList;
			buildConfigurations = (
				47728B692D2C337D00C8F821 /* Debug */,
				47728B6A2D2C337D00C8F821 /* Release */,
			);
			defaultConfigurationIsVisible = 0;
			defaultConfigurationName = Release;
		};
		47728B6B2D2C337D00C8F821 /* Build configuration list for PBXNativeTarget "ReaditUITests" */ = {
			isa = XCConfigurationList;
			buildConfigurations = (
				47728B6C2D2C337D00C8F821 /* Debug */,
				47728B6D2D2C337D00C8F821 /* Release */,
			);
			defaultConfigurationIsVisible = 0;
			defaultConfigurationName = Release;
		};
/* End XCConfigurationList section */

/* Begin XCRemoteSwiftPackageReference section */
		4726DC942D2DA64C00313CAF /* XCRemoteSwiftPackageReference "firebase-ios-sdk" */ = {
			isa = XCRemoteSwiftPackageReference;
			repositoryURL = "https://github.com/firebase/firebase-ios-sdk.git";
			requirement = {
				kind = upToNextMajorVersion;
				minimumVersion = 11.6.0;
			};
		};
/* End XCRemoteSwiftPackageReference section */

/* Begin XCSwiftPackageProductDependency section */
		4726DC952D2DA64C00313CAF /* FirebaseAnalytics */ = {
			isa = XCSwiftPackageProductDependency;
			package = 4726DC942D2DA64C00313CAF /* XCRemoteSwiftPackageReference "firebase-ios-sdk" */;
			productName = FirebaseAnalytics;
		};
		4726DC972D2DA64C00313CAF /* FirebaseAnalyticsOnDeviceConversion */ = {
			isa = XCSwiftPackageProductDependency;
			package = 4726DC942D2DA64C00313CAF /* XCRemoteSwiftPackageReference "firebase-ios-sdk" */;
			productName = FirebaseAnalyticsOnDeviceConversion;
		};
		4726DC992D2DA64C00313CAF /* FirebaseAnalyticsWithoutAdIdSupport */ = {
			isa = XCSwiftPackageProductDependency;
			package = 4726DC942D2DA64C00313CAF /* XCRemoteSwiftPackageReference "firebase-ios-sdk" */;
			productName = FirebaseAnalyticsWithoutAdIdSupport;
		};
		4726DC9B2D2DA64C00313CAF /* FirebaseAppCheck */ = {
			isa = XCSwiftPackageProductDependency;
			package = 4726DC942D2DA64C00313CAF /* XCRemoteSwiftPackageReference "firebase-ios-sdk" */;
			productName = FirebaseAppCheck;
		};
		4726DC9D2D2DA64C00313CAF /* FirebaseAppDistribution-Beta */ = {
			isa = XCSwiftPackageProductDependency;
			package = 4726DC942D2DA64C00313CAF /* XCRemoteSwiftPackageReference "firebase-ios-sdk" */;
			productName = "FirebaseAppDistribution-Beta";
		};
		4726DC9F2D2DA64C00313CAF /* FirebaseAuth */ = {
			isa = XCSwiftPackageProductDependency;
			package = 4726DC942D2DA64C00313CAF /* XCRemoteSwiftPackageReference "firebase-ios-sdk" */;
			productName = FirebaseAuth;
		};
		4726DCA12D2DA64C00313CAF /* FirebaseAuthCombine-Community */ = {
			isa = XCSwiftPackageProductDependency;
			package = 4726DC942D2DA64C00313CAF /* XCRemoteSwiftPackageReference "firebase-ios-sdk" */;
			productName = "FirebaseAuthCombine-Community";
		};
		4726DCA32D2DA64C00313CAF /* FirebaseCore */ = {
			isa = XCSwiftPackageProductDependency;
			package = 4726DC942D2DA64C00313CAF /* XCRemoteSwiftPackageReference "firebase-ios-sdk" */;
			productName = FirebaseCore;
		};
		4726DCA52D2DA64C00313CAF /* FirebaseCrashlytics */ = {
			isa = XCSwiftPackageProductDependency;
			package = 4726DC942D2DA64C00313CAF /* XCRemoteSwiftPackageReference "firebase-ios-sdk" */;
			productName = FirebaseCrashlytics;
		};
		4726DCA72D2DA64C00313CAF /* FirebaseDatabase */ = {
			isa = XCSwiftPackageProductDependency;
			package = 4726DC942D2DA64C00313CAF /* XCRemoteSwiftPackageReference "firebase-ios-sdk" */;
			productName = FirebaseDatabase;
		};
		4726DCA92D2DA64C00313CAF /* FirebaseDynamicLinks */ = {
			isa = XCSwiftPackageProductDependency;
			package = 4726DC942D2DA64C00313CAF /* XCRemoteSwiftPackageReference "firebase-ios-sdk" */;
			productName = FirebaseDynamicLinks;
		};
		4726DCAB2D2DA64C00313CAF /* FirebaseFirestore */ = {
			isa = XCSwiftPackageProductDependency;
			package = 4726DC942D2DA64C00313CAF /* XCRemoteSwiftPackageReference "firebase-ios-sdk" */;
			productName = FirebaseFirestore;
		};
		4726DCAD2D2DA64C00313CAF /* FirebaseFirestoreCombine-Community */ = {
			isa = XCSwiftPackageProductDependency;
			package = 4726DC942D2DA64C00313CAF /* XCRemoteSwiftPackageReference "firebase-ios-sdk" */;
			productName = "FirebaseFirestoreCombine-Community";
		};
		4726DCAF2D2DA64C00313CAF /* FirebaseFunctions */ = {
			isa = XCSwiftPackageProductDependency;
			package = 4726DC942D2DA64C00313CAF /* XCRemoteSwiftPackageReference "firebase-ios-sdk" */;
			productName = FirebaseFunctions;
		};
		4726DCB12D2DA64C00313CAF /* FirebaseFunctionsCombine-Community */ = {
			isa = XCSwiftPackageProductDependency;
			package = 4726DC942D2DA64C00313CAF /* XCRemoteSwiftPackageReference "firebase-ios-sdk" */;
			productName = "FirebaseFunctionsCombine-Community";
		};
		4726DCB32D2DA64C00313CAF /* FirebaseInAppMessaging-Beta */ = {
			isa = XCSwiftPackageProductDependency;
			package = 4726DC942D2DA64C00313CAF /* XCRemoteSwiftPackageReference "firebase-ios-sdk" */;
			productName = "FirebaseInAppMessaging-Beta";
		};
		4726DCB52D2DA64C00313CAF /* FirebaseInstallations */ = {
			isa = XCSwiftPackageProductDependency;
			package = 4726DC942D2DA64C00313CAF /* XCRemoteSwiftPackageReference "firebase-ios-sdk" */;
			productName = FirebaseInstallations;
		};
		4726DCB72D2DA64C00313CAF /* FirebaseMLModelDownloader */ = {
			isa = XCSwiftPackageProductDependency;
			package = 4726DC942D2DA64C00313CAF /* XCRemoteSwiftPackageReference "firebase-ios-sdk" */;
			productName = FirebaseMLModelDownloader;
		};
		4726DCB92D2DA64C00313CAF /* FirebaseMessaging */ = {
			isa = XCSwiftPackageProductDependency;
			package = 4726DC942D2DA64C00313CAF /* XCRemoteSwiftPackageReference "firebase-ios-sdk" */;
			productName = FirebaseMessaging;
		};
		4726DCBB2D2DA64C00313CAF /* FirebasePerformance */ = {
			isa = XCSwiftPackageProductDependency;
			package = 4726DC942D2DA64C00313CAF /* XCRemoteSwiftPackageReference "firebase-ios-sdk" */;
			productName = FirebasePerformance;
		};
		4726DCBD2D2DA64C00313CAF /* FirebaseRemoteConfig */ = {
			isa = XCSwiftPackageProductDependency;
			package = 4726DC942D2DA64C00313CAF /* XCRemoteSwiftPackageReference "firebase-ios-sdk" */;
			productName = FirebaseRemoteConfig;
		};
		4726DCBF2D2DA64C00313CAF /* FirebaseStorage */ = {
			isa = XCSwiftPackageProductDependency;
			package = 4726DC942D2DA64C00313CAF /* XCRemoteSwiftPackageReference "firebase-ios-sdk" */;
			productName = FirebaseStorage;
		};
		4726DCC12D2DA64C00313CAF /* FirebaseStorageCombine-Community */ = {
			isa = XCSwiftPackageProductDependency;
			package = 4726DC942D2DA64C00313CAF /* XCRemoteSwiftPackageReference "firebase-ios-sdk" */;
			productName = "FirebaseStorageCombine-Community";
		};
		4726DCC32D2DA64C00313CAF /* FirebaseVertexAI */ = {
			isa = XCSwiftPackageProductDependency;
			package = 4726DC942D2DA64C00313CAF /* XCRemoteSwiftPackageReference "firebase-ios-sdk" */;
			productName = FirebaseVertexAI;
		};
/* End XCSwiftPackageProductDependency section */
	};
	rootObject = 47728B392D2C337C00C8F821 /* Project object */;
}
